<?xml version="1.0" encoding="utf-8"?>
<Project ToolsVersion="4.0" xmlns="http://schemas.microsoft.com/developer/msbuild/2003">
  <ItemGroup>
    <Filter Include="Source Files">
      <UniqueIdentifier>{4FC737F1-C7A5-4376-A066-2A32D752A2FF}</UniqueIdentifier>
      <Extensions>cpp;c;cc;cxx;def;odl;idl;hpj;bat;asm;asmx</Extensions>
    </Filter>
    <Filter Include="Header Files">
      <UniqueIdentifier>{93995380-89BD-4b04-88EB-625FBE52EBFB}</UniqueIdentifier>
      <Extensions>h;hh;hpp;hxx;hm;inl;inc;xsd</Extensions>
    </Filter>
    <Filter Include="Resource Files">
      <UniqueIdentifier>{67DA6AB6-F800-4c08-8B7A-83BB121AAD01}</UniqueIdentifier>
      <Extensions>rc;ico;cur;bmp;dlg;rc2;rct;bin;rgs;gif;jpg;jpeg;jpe;resx;tiff;tif;png;wav;mfcribbon-ms</Extensions>
    </Filter>
    <Filter Include="Source Files\procedure texturing">
      <UniqueIdentifier>{1d8a183a-b1fe-4714-9377-30040b0c5261}</UniqueIdentifier>
    </Filter>
    <Filter Include="Header Files\procedural texturing">
      <UniqueIdentifier>{3268a57c-89ea-43bc-912f-3a1a8d2ad8c8}</UniqueIdentifier>
    </Filter>
    <Filter Include="Source Files\Mapping">
      <UniqueIdentifier>{0119c281-f348-4c6c-ad86-fd1e47eeeb7e}</UniqueIdentifier>
    </Filter>
    <Filter Include="Header Files\mapping">
      <UniqueIdentifier>{522dce9e-d97a-46fe-bbc6-1b8371d707dc}</UniqueIdentifier>
    </Filter>
  </ItemGroup>
  <ItemGroup>
    <Text Include="ReadMe.txt" />
  </ItemGroup>
  <ItemGroup>
    <ClInclude Include="stdafx.h">
      <Filter>Header Files</Filter>
    </ClInclude>
    <ClInclude Include="targetver.h">
      <Filter>Header Files</Filter>
    </ClInclude>
    <ClInclude Include="Camera.h">
      <Filter>Header Files</Filter>
    </ClInclude>
    <ClInclude Include="Direction_Light.h">
      <Filter>Header Files</Filter>
    </ClInclude>
    <ClInclude Include="GTranformation.h">
      <Filter>Header Files</Filter>
    </ClInclude>
    <ClInclude Include="Light.h">
      <Filter>Header Files</Filter>
    </ClInclude>
    <ClInclude Include="Mat4.h">
      <Filter>Header Files</Filter>
    </ClInclude>
    <ClInclude Include="Material.h">
      <Filter>Header Files</Filter>
    </ClInclude>
    <ClInclude Include="Omni_Light.h">
      <Filter>Header Files</Filter>
    </ClInclude>
    <ClInclude Include="PolyModel.h">
      <Filter>Header Files</Filter>
    </ClInclude>
    <ClInclude Include="Scan_conversion.h">
      <Filter>Header Files</Filter>
    </ClInclude>
    <ClInclude Include="Vec2.h">
      <Filter>Header Files</Filter>
    </ClInclude>
    <ClInclude Include="Vec3.h">
      <Filter>Header Files</Filter>
    </ClInclude>
    <ClInclude Include="Z_Buffer.h">
      <Filter>Header Files</Filter>
    </ClInclude>
    <ClInclude Include="Basic_Wave.h">
      <Filter>Header Files</Filter>
    </ClInclude>
    <ClInclude Include="TgaTexture.h">
      <Filter>Header Files</Filter>
    </ClInclude>
    <ClInclude Include="UVW_Map.h">
      <Filter>Header Files\mapping</Filter>
    </ClInclude>
  </ItemGroup>
  <ItemGroup>
    <ClCompile Include="stdafx.cpp">
      <Filter>Source Files</Filter>
    </ClCompile>
    <ClCompile Include="Lab4.cpp">
      <Filter>Source Files</Filter>
    </ClCompile>
    <ClCompile Include="Camera.cpp">
      <Filter>Source Files</Filter>
    </ClCompile>
    <ClCompile Include="Direction_Light.cpp">
      <Filter>Source Files</Filter>
    </ClCompile>
    <ClCompile Include="GTranformation.cpp">
      <Filter>Source Files</Filter>
    </ClCompile>
    <ClCompile Include="Light.cpp">
      <Filter>Source Files</Filter>
    </ClCompile>
    <ClCompile Include="Mat4.cpp">
      <Filter>Source Files</Filter>
    </ClCompile>
    <ClCompile Include="Material.cpp">
      <Filter>Source Files</Filter>
    </ClCompile>
    <ClCompile Include="Omni_Light.cpp">
      <Filter>Source Files</Filter>
    </ClCompile>
    <ClCompile Include="PolyModel.cpp">
      <Filter>Source Files</Filter>
    </ClCompile>
    <ClCompile Include="Scan_conversion.cpp">
      <Filter>Source Files</Filter>
    </ClCompile>
    <ClCompile Include="Vec2.cpp">
      <Filter>Source Files</Filter>
    </ClCompile>
    <ClCompile Include="Z_Buffer.cpp">
      <Filter>Source Files</Filter>
    </ClCompile>
    <ClCompile Include="Basic_Wave.cpp">
      <Filter>Source Files</Filter>
    </ClCompile>
    <ClCompile Include="TgaTexture.cpp">
      <Filter>Source Files</Filter>
    </ClCompile>
    <ClCompile Include="UVW_Map.cpp">
      <Filter>Source Files\Mapping</Filter>
    </ClCompile>
  </ItemGroup>
</Project>